
Microsoft Visual Studio Solution File, Format Version 12.00
# Visual Studio Version 17
VisualStudioVersion = 17.1.32210.238
MinimumVisualStudioVersion = 10.0.40219.1
Project("{FAE04EC0-301F-11D3-BF4B-00C04F79EFBC}") = "GenericLink", "GenericLink\GenericLink.csproj", "{47F7FE54-2F27-43C3-9B5C-4ABEA46F2178}"
EndProject
Project("{FAE04EC0-301F-11D3-BF4B-00C04F79EFBC}") = "Clock", "Clock\Clock.csproj", "{DE4B902D-0A47-4CF3-B4E0-6FCDCC0E6B50}"
EndProject
Global
	GlobalSection(SolutionConfigurationPlatforms) = preSolution
		Debug|Any CPU = Debug|Any CPU
		Release|Any CPU = Release|Any CPU
	EndGlobalSection
	GlobalSection(ProjectConfigurationPlatforms) = postSolution
		{47F7FE54-2F27-43C3-9B5C-4ABEA46F2178}.Debug|Any CPU.ActiveCfg = Debug|Any CPU
		{47F7FE54-2F27-43C3-9B5C-4ABEA46F2178}.Debug|Any CPU.Build.0 = Debug|Any CPU
		{47F7FE54-2F27-43C3-9B5C-4ABEA46F2178}.Release|Any CPU.ActiveCfg = Release|Any CPU
		{47F7FE54-2F27-43C3-9B5C-4ABEA46F2178}.Release|Any CPU.Build.0 = Release|Any CPU
		{DE4B902D-0A47-4CF3-B4E0-6FCDCC0E6B50}.Debug|Any CPU.ActiveCfg = Debug|Any CPU
		{DE4B902D-0A47-4CF3-B4E0-6FCDCC0E6B50}.Debug|Any CPU.Build.0 = Debug|Any CPU
		{DE4B902D-0A47-4CF3-B4E0-6FCDCC0E6B50}.Release|Any CPU.ActiveCfg = Release|Any CPU
		{DE4B902D-0A47-4CF3-B4E0-6FCDCC0E6B50}.Release|Any CPU.Build.0 = Release|Any CPU
	EndGlobalSection
	GlobalSection(SolutionProperties) = preSolution
		HideSolutionNode = FALSE
	EndGlobalSection
	GlobalSection(ExtensibilityGlobals) = postSolution
		SolutionGuid = {B185D03A-384C-4CCA-BB3A-588D14C6D5CF}
	EndGlobalSection
EndGlobal
